
Microsoft Visual Studio Solution File, Format Version 12.00
# Visual Studio Version 17
VisualStudioVersion = 17.9.34728.123
MinimumVisualStudioVersion = 10.0.40219.1
Project("{FAE04EC0-301F-11D3-BF4B-00C04F79EFBC}") = "UserMicroservice", "UserMicroservice\UserMicroservice.csproj", "{A7BAB191-62AC-4EA1-8D07-44340017D930}"
EndProject
Project("{FAE04EC0-301F-11D3-BF4B-00C04F79EFBC}") = "UserMicroservice.Tests", "UserMicroservice.Tests\UserMicroservice.Tests.csproj", "{659EC6CF-0884-4FBD-8F74-999539CBB7A8}"
EndProject
Global
	GlobalSection(SolutionConfigurationPlatforms) = preSolution
		Debug|Any CPU = Debug|Any CPU
		Release|Any CPU = Release|Any CPU
	EndGlobalSection
	GlobalSection(ProjectConfigurationPlatforms) = postSolution
		{A7BAB191-62AC-4EA1-8D07-44340017D930}.Debug|Any CPU.ActiveCfg = Debug|Any CPU
		{A7BAB191-62AC-4EA1-8D07-44340017D930}.Debug|Any CPU.Build.0 = Debug|Any CPU
		{A7BAB191-62AC-4EA1-8D07-44340017D930}.Release|Any CPU.ActiveCfg = Release|Any CPU
		{A7BAB191-62AC-4EA1-8D07-44340017D930}.Release|Any CPU.Build.0 = Release|Any CPU
		{659EC6CF-0884-4FBD-8F74-999539CBB7A8}.Debug|Any CPU.ActiveCfg = Debug|Any CPU
		{659EC6CF-0884-4FBD-8F74-999539CBB7A8}.Debug|Any CPU.Build.0 = Debug|Any CPU
		{659EC6CF-0884-4FBD-8F74-999539CBB7A8}.Release|Any CPU.ActiveCfg = Release|Any CPU
		{659EC6CF-0884-4FBD-8F74-999539CBB7A8}.Release|Any CPU.Build.0 = Release|Any CPU
	EndGlobalSection
	GlobalSection(SolutionProperties) = preSolution
		HideSolutionNode = FALSE
	EndGlobalSection
	GlobalSection(ExtensibilityGlobals) = postSolution
		SolutionGuid = {A7E6F6BF-F81C-4603-AD76-7D8523DFFD42}
	EndGlobalSection
EndGlobal
